{
  "name": "leonardo",
  "version": "1.0.0",
  "lockfileVersion": 1,
  "requires": true,
  "dependencies": {
    "@codewell/get-canvas-mouse-position": {
      "version": "1.0.0",
      "resolved": "https://registry.npmjs.org/@codewell/get-canvas-mouse-position/-/get-canvas-mouse-position-1.0.0.tgz",
      "integrity": "sha512-nK1WIk9F2EqdJ4R0Rj9LJCAHOXAzc3MIM2t31OSoq3ncI9oXu98LClEjFJ7j8rNleXmmq+JoXIQctHZ+fK1XKA=="
    },
    "canvas": {
      "version": "1.6.13",
      "resolved": "https://registry.npmjs.org/canvas/-/canvas-1.6.13.tgz",
      "integrity": "sha512-XAfzfEOHZ3JIPjEV+WSI6PpISgUta3dgmndWbsajotz+0TQOX/jDpp2kawjRERatOGv9sMMzk5auB3GKEKA6hg==",
      "optional": true,
      "requires": {
        "nan": "^2.10.0"
      }
    },
    "copy-canvas": {
      "version": "0.0.1",
      "resolved": "https://registry.npmjs.org/copy-canvas/-/copy-canvas-0.0.1.tgz",
      "integrity": "sha1-xX3vGpqvBpOIKT26TITYONJlDKg=",
      "requires": {
        "create-canvas": "^1.0.0",
        "draw-to-canvas": "^0.0.4"
      },
      "dependencies": {
        "draw-to-canvas": {
          "version": "0.0.4",
          "resolved": "https://registry.npmjs.org/draw-to-canvas/-/draw-to-canvas-0.0.4.tgz",
          "integrity": "sha1-Ik4l4X03KwyNbFVCp1wu4DVYcek=",
          "requires": {
            "force-canvas-context": "^0.0.4"
          }
        }
      }
    },
    "create-canvas": {
      "version": "1.0.2",
      "resolved": "https://registry.npmjs.org/create-canvas/-/create-canvas-1.0.2.tgz",
      "integrity": "sha1-j1qmebsCWzfZYkURJoORF/U9OOI=",
      "requires": {
        "canvas": "^1.2.7"
      }
    },
    "draw-to-canvas": {
      "version": "0.0.5",
      "resolved": "https://registry.npmjs.org/draw-to-canvas/-/draw-to-canvas-0.0.5.tgz",
      "integrity": "sha1-6tRPIe3+qxXXzDqoBRrnXUcZPeE=",
      "requires": {
        "force-canvas-context": "~0.0.4"
      }
    },
    "force-canvas-context": {
      "version": "0.0.4",
      "resolved": "https://registry.npmjs.org/force-canvas-context/-/force-canvas-context-0.0.4.tgz",
      "integrity": "sha1-STv2C39ZIuC0FJIb+7eFoM4AmjA=",
      "requires": {
        "is-canvas-context": "^0.0.2"
      }
    },
    "gl-vec2": {
      "version": "1.3.0",
      "resolved": "https://registry.npmjs.org/gl-vec2/-/gl-vec2-1.3.0.tgz",
      "integrity": "sha512-YiqaAuNsheWmUV0Sa8k94kBB0D6RWjwZztyO+trEYS8KzJ6OQB/4686gdrf59wld4hHFIvaxynO3nRxpk1Ij/A=="
    },
    "is-canvas-context": {
      "version": "0.0.2",
      "resolved": "https://registry.npmjs.org/is-canvas-context/-/is-canvas-context-0.0.2.tgz",
      "integrity": "sha1-rZfuXPMTf/0jtvsb7PeODDiIGj8="
    },
    "nan": {
      "version": "2.14.2",
      "resolved": "https://registry.npmjs.org/nan/-/nan-2.14.2.tgz",
      "integrity": "sha512-M2ufzIiINKCuDfBSAUr1vWQ+vuVcA9kqx8JJUsbQi6yf1uGRyb7HfpdfUr5qLXf3B/t8dPvcjhKMmlfnP47EzQ==",
      "optional": true
    },
    "resize-canvas": {
      "version": "1.0.0",
      "resolved": "https://registry.npmjs.org/resize-canvas/-/resize-canvas-1.0.0.tgz",
      "integrity": "sha1-iDWgOWITrBrLWGb/qe/URiFbuAE=",
      "requires": {
        "copy-canvas": "~0.0.1",
        "draw-to-canvas": "~0.0.4",
        "gl-vec2": "^1.0.0"
      }
    }
  }
}
